
Microsoft Visual Studio Solution File, Format Version 12.00
# Visual Studio 15
VisualStudioVersion = 15.0.26730.16
MinimumVisualStudioVersion = 10.0.40219.1
Project("{FAE04EC0-301F-11D3-BF4B-00C04F79EFBC}") = "AGLibrary", "AGLibrary\AGLibrary.csproj", "{F637F1E6-A63A-4913-A1B7-5A74F864820D}"
EndProject
Global
	GlobalSection(SolutionConfigurationPlatforms) = preSolution
		Debug|Any CPU = Debug|Any CPU
		Release|Any CPU = Release|Any CPU
	EndGlobalSection
	GlobalSection(ProjectConfigurationPlatforms) = postSolution
		{F637F1E6-A63A-4913-A1B7-5A74F864820D}.Debug|Any CPU.ActiveCfg = Debug|Any CPU
		{F637F1E6-A63A-4913-A1B7-5A74F864820D}.Debug|Any CPU.Build.0 = Debug|Any CPU
		{F637F1E6-A63A-4913-A1B7-5A74F864820D}.Release|Any CPU.ActiveCfg = Release|Any CPU
		{F637F1E6-A63A-4913-A1B7-5A74F864820D}.Release|Any CPU.Build.0 = Release|Any CPU
	EndGlobalSection
	GlobalSection(SolutionProperties) = preSolution
		HideSolutionNode = FALSE
	EndGlobalSection
	GlobalSection(ExtensibilityGlobals) = postSolution
		SolutionGuid = {DCBBDB73-77C7-4435-B105-AD4B8B9AF4B4}
	EndGlobalSection
EndGlobal
